// !$*UTF8*$!
{
	archiveVersion = 1;
	classes = {
	};
	objectVersion = 77;
	objects = {

/* Begin PBXBuildFile section */
		4E747F782D16F7A000DDCE17 /* KitchenUI in Frameworks */ = {isa = PBXBuildFile; productRef = 4E747F772D16F7A000DDCE17 /* KitchenUI */; };
		4E747FBA2D19F66900DDCE17 /* DesignSystem in Frameworks */ = {isa = PBXBuildFile; productRef = 4E747FB92D19F66900DDCE17 /* DesignSystem */; };
		4E7AEB852E9D82DB00BE4A5E /* AppIcon.icon in Resources */ = {isa = PBXBuildFile; fileRef = 4E7AEB842E9D82DB00BE4A5E /* AppIcon.icon */; };
		4E8952D02E987903003F3366 /* Authentication in Frameworks */ = {isa = PBXBuildFile; productRef = 4E8952CF2E987903003F3366 /* Authentication */; };
		4E8E8B5F2D162E7E009177AA /* TodayUI in Frameworks */ = {isa = PBXBuildFile; productRef = 4E8E8B5E2D162E7E009177AA /* TodayUI */; };
		4E95179F2D7BAD5700FAFC86 /* BarcodeUI in Frameworks */ = {isa = PBXBuildFile; productRef = 4E95179E2D7BAD5700FAFC86 /* BarcodeUI */; };
		4EAF44BE2E8B3CFE000B5A6B /* Intelligence in Frameworks */ = {isa = PBXBuildFile; productRef = 4EAF44BD2E8B3CFE000B5A6B /* Intelligence */; };
		4EEEBA792E806DFC0049511B /* Models in Frameworks */ = {isa = PBXBuildFile; productRef = 4EEEBA782E806DFC0049511B /* Models */; };
		4EEEBA7B2E806E010049511B /* Network in Frameworks */ = {isa = PBXBuildFile; productRef = 4EEEBA7A2E806E010049511B /* Network */; };
		4EEEBA7D2E8076900049511B /* Router in Frameworks */ = {isa = PBXBuildFile; productRef = 4EEEBA7C2E8076900049511B /* Router */; };
		4EF1853B2D14E70900961F35 /* SearchUI in Frameworks */ = {isa = PBXBuildFile; productRef = 4EF1853A2D14E70900961F35 /* SearchUI */; };
		4EF223CF2E874ECA00A93567 /* Environment in Frameworks */ = {isa = PBXBuildFile; productRef = 4EF223CE2E874ECA00A93567 /* Environment */; };
		4EF223D22E883E4A00A93567 /* Extensions in Frameworks */ = {isa = PBXBuildFile; productRef = 4EF223D12E883E4A00A93567 /* Extensions */; };
		4EF5AD0E2EBC0C1600F8E400 /* Notifications in Frameworks */ = {isa = PBXBuildFile; productRef = 4EF5AD0D2EBC0C1600F8E400 /* Notifications */; };
/* End PBXBuildFile section */

/* Begin PBXFileReference section */
		4E747FB62D19F28D00DDCE17 /* DesignSystem */ = {isa = PBXFileReference; lastKnownFileType = wrapper; name = DesignSystem; path = Packages/DesignSystem; sourceTree = "<group>"; };
		4E7AEB842E9D82DB00BE4A5E /* AppIcon.icon */ = {isa = PBXFileReference; lastKnownFileType = folder.iconcomposer.icon; path = AppIcon.icon; sourceTree = "<group>"; };
		4E8952CE2E9878F8003F3366 /* Authentication */ = {isa = PBXFileReference; lastKnownFileType = wrapper; name = Authentication; path = Packages/Authentication; sourceTree = "<group>"; };
		4E8E8B4E2D14E8DF009177AA /* Info.plist */ = {isa = PBXFileReference; lastKnownFileType = text.plist.xml; path = Info.plist; sourceTree = "<group>"; };
		4E9517A02D7BB56700FAFC86 /* KeepFresh-Info.plist */ = {isa = PBXFileReference; lastKnownFileType = text.plist.xml; path = "KeepFresh-Info.plist"; sourceTree = "<group>"; };
		4EAF44BC2E8B3902000B5A6B /* Intelligence */ = {isa = PBXFileReference; lastKnownFileType = wrapper; name = Intelligence; path = Packages/Intelligence; sourceTree = "<group>"; };
		4ED27E822E849BA600296595 /* Environment */ = {isa = PBXFileReference; lastKnownFileType = wrapper; name = Environment; path = Packages/Environment; sourceTree = "<group>"; };
		4EEEBA722E8063B70049511B /* Network */ = {isa = PBXFileReference; lastKnownFileType = wrapper; name = Network; path = Packages/Network; sourceTree = "<group>"; };
		4EEEBA732E8063DA0049511B /* Router */ = {isa = PBXFileReference; lastKnownFileType = wrapper; name = Router; path = Packages/Router; sourceTree = "<group>"; };
		4EEEBA742E80679B0049511B /* Models */ = {isa = PBXFileReference; lastKnownFileType = wrapper; name = Models; path = Packages/Models; sourceTree = "<group>"; };
		4EF223D02E883D3800A93567 /* Extensions */ = {isa = PBXFileReference; lastKnownFileType = wrapper; name = Extensions; path = Packages/Extensions; sourceTree = "<group>"; };
		4EF5AD0C2EBC066D00F8E400 /* Notifications */ = {isa = PBXFileReference; lastKnownFileType = wrapper; name = Notifications; path = Packages/Notifications; sourceTree = "<group>"; };
		9F2142232CE9DAA1004167D7 /* KeepFresh.app */ = {isa = PBXFileReference; explicitFileType = wrapper.application; includeInIndex = 0; path = KeepFresh.app; sourceTree = BUILT_PRODUCTS_DIR; };
		9FAEE3A72CF0994400F86CDC /* Features */ = {isa = PBXFileReference; lastKnownFileType = wrapper; name = Features; path = Packages/Features; sourceTree = "<group>"; };
		9FAEE3B72CF099E600F86CDC /* PackageTests.xctestplan */ = {isa = PBXFileReference; lastKnownFileType = text; path = PackageTests.xctestplan; sourceTree = "<group>"; };
/* End PBXFileReference section */

/* Begin PBXFileSystemSynchronizedRootGroup section */
		9F2142252CE9DAA1004167D7 /* App */ = {
			isa = PBXFileSystemSynchronizedRootGroup;
			path = App;
			sourceTree = "<group>";
		};
/* End PBXFileSystemSynchronizedRootGroup section */

/* Begin PBXFrameworksBuildPhase section */
		9F2142202CE9DAA1004167D7 /* Frameworks */ = {
			isa = PBXFrameworksBuildPhase;
			buildActionMask = 2147483647;
			files = (
				4EF223D22E883E4A00A93567 /* Extensions in Frameworks */,
				4E8E8B5F2D162E7E009177AA /* TodayUI in Frameworks */,
				4E8952D02E987903003F3366 /* Authentication in Frameworks */,
				4EEEBA7B2E806E010049511B /* Network in Frameworks */,
				4EF1853B2D14E70900961F35 /* SearchUI in Frameworks */,
				4E747FBA2D19F66900DDCE17 /* DesignSystem in Frameworks */,
				4EF5AD0E2EBC0C1600F8E400 /* Notifications in Frameworks */,
				4EF223CF2E874ECA00A93567 /* Environment in Frameworks */,
				4EAF44BE2E8B3CFE000B5A6B /* Intelligence in Frameworks */,
				4E747F782D16F7A000DDCE17 /* KitchenUI in Frameworks */,
				4EEEBA792E806DFC0049511B /* Models in Frameworks */,
				4E95179F2D7BAD5700FAFC86 /* BarcodeUI in Frameworks */,
				4EEEBA7D2E8076900049511B /* Router in Frameworks */,
			);
			runOnlyForDeploymentPostprocessing = 0;
		};
/* End PBXFrameworksBuildPhase section */

/* Begin PBXGroup section */
		9F21421A2CE9DAA1004167D7 = {
			isa = PBXGroup;
			children = (
				4E7AEB842E9D82DB00BE4A5E /* AppIcon.icon */,
				4E9517A02D7BB56700FAFC86 /* KeepFresh-Info.plist */,
				9F2142252CE9DAA1004167D7 /* App */,
				4E8E8B4E2D14E8DF009177AA /* Info.plist */,
				9FAEE3B72CF099E600F86CDC /* PackageTests.xctestplan */,
				4EF5AD0C2EBC066D00F8E400 /* Notifications */,
				4E8952CE2E9878F8003F3366 /* Authentication */,
				4EAF44BC2E8B3902000B5A6B /* Intelligence */,
				4EF223D02E883D3800A93567 /* Extensions */,
				4ED27E822E849BA600296595 /* Environment */,
				4EEEBA742E80679B0049511B /* Models */,
				4EEEBA732E8063DA0049511B /* Router */,
				4EEEBA722E8063B70049511B /* Network */,
				4E747FB62D19F28D00DDCE17 /* DesignSystem */,
				9FAEE3A72CF0994400F86CDC /* Features */,
				9FAEE3B82CF09BB400F86CDC /* Frameworks */,
				9F2142242CE9DAA1004167D7 /* Products */,
			);
			sourceTree = "<group>";
		};
		9F2142242CE9DAA1004167D7 /* Products */ = {
			isa = PBXGroup;
			children = (
				9F2142232CE9DAA1004167D7 /* KeepFresh.app */,
			);
			name = Products;
			sourceTree = "<group>";
		};
		9FAEE3B82CF09BB400F86CDC /* Frameworks */ = {
			isa = PBXGroup;
			children = (
			);
			name = Frameworks;
			sourceTree = "<group>";
		};
/* End PBXGroup section */

/* Begin PBXNativeTarget section */
		9F2142222CE9DAA1004167D7 /* KeepFresh */ = {
			isa = PBXNativeTarget;
			buildConfigurationList = 9F2142482CE9DAA3004167D7 /* Build configuration list for PBXNativeTarget "KeepFresh" */;
			buildPhases = (
				9F21421F2CE9DAA1004167D7 /* Sources */,
				9F2142202CE9DAA1004167D7 /* Frameworks */,
				9F2142212CE9DAA1004167D7 /* Resources */,
			);
			buildRules = (
			);
			dependencies = (
			);
			fileSystemSynchronizedGroups = (
				9F2142252CE9DAA1004167D7 /* App */,
			);
			name = KeepFresh;
			packageProductDependencies = (
				4EF1853A2D14E70900961F35 /* SearchUI */,
				4E8E8B5E2D162E7E009177AA /* TodayUI */,
				4E747F772D16F7A000DDCE17 /* KitchenUI */,
				4E747FB92D19F66900DDCE17 /* DesignSystem */,
				4E95179E2D7BAD5700FAFC86 /* BarcodeUI */,
				4EEEBA782E806DFC0049511B /* Models */,
				4EEEBA7A2E806E010049511B /* Network */,
				4EEEBA7C2E8076900049511B /* Router */,
				4EF223CE2E874ECA00A93567 /* Environment */,
				4EF223D12E883E4A00A93567 /* Extensions */,
				4EAF44BD2E8B3CFE000B5A6B /* Intelligence */,
				4E8952CF2E987903003F3366 /* Authentication */,
				4EF5AD0D2EBC0C1600F8E400 /* Notifications */,
			);
			productName = IcySky;
			productReference = 9F2142232CE9DAA1004167D7 /* KeepFresh.app */;
			productType = "com.apple.product-type.application";
		};
/* End PBXNativeTarget section */

/* Begin PBXProject section */
		9F21421B2CE9DAA1004167D7 /* Project object */ = {
			isa = PBXProject;
			attributes = {
				BuildIndependentTargetsInParallel = 1;
				LastSwiftUpdateCheck = 1610;
				LastUpgradeCheck = 2600;
				TargetAttributes = {
					9F2142222CE9DAA1004167D7 = {
						CreatedOnToolsVersion = 16.1;
					};
				};
			};
			buildConfigurationList = 9F21421E2CE9DAA1004167D7 /* Build configuration list for PBXProject "KeepFresh" */;
			developmentRegion = en;
			hasScannedForEncodings = 0;
			knownRegions = (
				en,
				Base,
			);
			mainGroup = 9F21421A2CE9DAA1004167D7;
			minimizedProjectReferenceProxies = 1;
			packageReferences = (
				4EEEBA752E806A180049511B /* XCLocalSwiftPackageReference "Packages/Network" */,
				4ED27E852E849FB800296595 /* XCLocalSwiftPackageReference "Packages/Environment" */,
			);
			preferredProjectObjectVersion = 77;
			productRefGroup = 9F2142242CE9DAA1004167D7 /* Products */;
			projectDirPath = "";
			projectRoot = "";
			targets = (
				9F2142222CE9DAA1004167D7 /* KeepFresh */,
			);
		};
/* End PBXProject section */

/* Begin PBXResourcesBuildPhase section */
		9F2142212CE9DAA1004167D7 /* Resources */ = {
			isa = PBXResourcesBuildPhase;
			buildActionMask = 2147483647;
			files = (
				4E7AEB852E9D82DB00BE4A5E /* AppIcon.icon in Resources */,
			);
			runOnlyForDeploymentPostprocessing = 0;
		};
/* End PBXResourcesBuildPhase section */

/* Begin PBXSourcesBuildPhase section */
		9F21421F2CE9DAA1004167D7 /* Sources */ = {
			isa = PBXSourcesBuildPhase;
			buildActionMask = 2147483647;
			files = (
			);
			runOnlyForDeploymentPostprocessing = 0;
		};
/* End PBXSourcesBuildPhase section */

/* Begin XCBuildConfiguration section */
		9F2142462CE9DAA3004167D7 /* Debug */ = {
			isa = XCBuildConfiguration;
			buildSettings = {
				ALWAYS_SEARCH_USER_PATHS = NO;
				ASSETCATALOG_COMPILER_GENERATE_SWIFT_ASSET_SYMBOL_EXTENSIONS = YES;
				CLANG_ANALYZER_NONNULL = YES;
				CLANG_ANALYZER_NUMBER_OBJECT_CONVERSION = YES_AGGRESSIVE;
				CLANG_CXX_LANGUAGE_STANDARD = "gnu++20";
				CLANG_ENABLE_MODULES = YES;
				CLANG_ENABLE_OBJC_ARC = YES;
				CLANG_ENABLE_OBJC_WEAK = YES;
				CLANG_WARN_BLOCK_CAPTURE_AUTORELEASING = YES;
				CLANG_WARN_BOOL_CONVERSION = YES;
				CLANG_WARN_COMMA = YES;
				CLANG_WARN_CONSTANT_CONVERSION = YES;
				CLANG_WARN_DEPRECATED_OBJC_IMPLEMENTATIONS = YES;
				CLANG_WARN_DIRECT_OBJC_ISA_USAGE = YES_ERROR;
				CLANG_WARN_DOCUMENTATION_COMMENTS = YES;
				CLANG_WARN_EMPTY_BODY = YES;
				CLANG_WARN_ENUM_CONVERSION = YES;
				CLANG_WARN_INFINITE_RECURSION = YES;
				CLANG_WARN_INT_CONVERSION = YES;
				CLANG_WARN_NON_LITERAL_NULL_CONVERSION = YES;
				CLANG_WARN_OBJC_IMPLICIT_RETAIN_SELF = YES;
				CLANG_WARN_OBJC_LITERAL_CONVERSION = YES;
				CLANG_WARN_OBJC_ROOT_CLASS = YES_ERROR;
				CLANG_WARN_QUOTED_INCLUDE_IN_FRAMEWORK_HEADER = YES;
				CLANG_WARN_RANGE_LOOP_ANALYSIS = YES;
				CLANG_WARN_STRICT_PROTOTYPES = YES;
				CLANG_WARN_SUSPICIOUS_MOVE = YES;
				CLANG_WARN_UNGUARDED_AVAILABILITY = YES_AGGRESSIVE;
				CLANG_WARN_UNREACHABLE_CODE = YES;
				CLANG_WARN__DUPLICATE_METHOD_MATCH = YES;
				COPY_PHASE_STRIP = NO;
				DEAD_CODE_STRIPPING = YES;
				DEBUG_INFORMATION_FORMAT = dwarf;
				DEVELOPMENT_TEAM = R2GGK3VN2C;
				ENABLE_STRICT_OBJC_MSGSEND = YES;
				ENABLE_TESTABILITY = YES;
				ENABLE_USER_SCRIPT_SANDBOXING = YES;
				GCC_C_LANGUAGE_STANDARD = gnu17;
				GCC_DYNAMIC_NO_PIC = NO;
				GCC_NO_COMMON_BLOCKS = YES;
				GCC_OPTIMIZATION_LEVEL = 0;
				GCC_PREPROCESSOR_DEFINITIONS = (
					"DEBUG=1",
					"$(inherited)",
				);
				GCC_WARN_64_TO_32_BIT_CONVERSION = YES;
				GCC_WARN_ABOUT_RETURN_TYPE = YES_ERROR;
				GCC_WARN_UNDECLARED_SELECTOR = YES;
				GCC_WARN_UNINITIALIZED_AUTOS = YES_AGGRESSIVE;
				GCC_WARN_UNUSED_FUNCTION = YES;
				GCC_WARN_UNUSED_VARIABLE = YES;
				LOCALIZATION_PREFERS_STRING_CATALOGS = YES;
				MTL_ENABLE_DEBUG_INFO = INCLUDE_SOURCE;
				MTL_FAST_MATH = YES;
				ONLY_ACTIVE_ARCH = YES;
				STRING_CATALOG_GENERATE_SYMBOLS = YES;
				SWIFT_ACTIVE_COMPILATION_CONDITIONS = "DEBUG $(inherited)";
				SWIFT_OPTIMIZATION_LEVEL = "-Onone";
			};
			name = Debug;
		};
		9F2142472CE9DAA3004167D7 /* Release */ = {
			isa = XCBuildConfiguration;
			buildSettings = {
				ALWAYS_SEARCH_USER_PATHS = NO;
				ASSETCATALOG_COMPILER_GENERATE_SWIFT_ASSET_SYMBOL_EXTENSIONS = YES;
				CLANG_ANALYZER_NONNULL = YES;
				CLANG_ANALYZER_NUMBER_OBJECT_CONVERSION = YES_AGGRESSIVE;
				CLANG_CXX_LANGUAGE_STANDARD = "gnu++20";
				CLANG_ENABLE_MODULES = YES;
				CLANG_ENABLE_OBJC_ARC = YES;
				CLANG_ENABLE_OBJC_WEAK = YES;
				CLANG_WARN_BLOCK_CAPTURE_AUTORELEASING = YES;
				CLANG_WARN_BOOL_CONVERSION = YES;
				CLANG_WARN_COMMA = YES;
				CLANG_WARN_CONSTANT_CONVERSION = YES;
				CLANG_WARN_DEPRECATED_OBJC_IMPLEMENTATIONS = YES;
				CLANG_WARN_DIRECT_OBJC_ISA_USAGE = YES_ERROR;
				CLANG_WARN_DOCUMENTATION_COMMENTS = YES;
				CLANG_WARN_EMPTY_BODY = YES;
				CLANG_WARN_ENUM_CONVERSION = YES;
				CLANG_WARN_INFINITE_RECURSION = YES;
				CLANG_WARN_INT_CONVERSION = YES;
				CLANG_WARN_NON_LITERAL_NULL_CONVERSION = YES;
				CLANG_WARN_OBJC_IMPLICIT_RETAIN_SELF = YES;
				CLANG_WARN_OBJC_LITERAL_CONVERSION = YES;
				CLANG_WARN_OBJC_ROOT_CLASS = YES_ERROR;
				CLANG_WARN_QUOTED_INCLUDE_IN_FRAMEWORK_HEADER = YES;
				CLANG_WARN_RANGE_LOOP_ANALYSIS = YES;
				CLANG_WARN_STRICT_PROTOTYPES = YES;
				CLANG_WARN_SUSPICIOUS_MOVE = YES;
				CLANG_WARN_UNGUARDED_AVAILABILITY = YES_AGGRESSIVE;
				CLANG_WARN_UNREACHABLE_CODE = YES;
				CLANG_WARN__DUPLICATE_METHOD_MATCH = YES;
				COPY_PHASE_STRIP = NO;
				DEAD_CODE_STRIPPING = YES;
				DEBUG_INFORMATION_FORMAT = "dwarf-with-dsym";
				DEVELOPMENT_TEAM = R2GGK3VN2C;
				ENABLE_NS_ASSERTIONS = NO;
				ENABLE_STRICT_OBJC_MSGSEND = YES;
				ENABLE_USER_SCRIPT_SANDBOXING = YES;
				GCC_C_LANGUAGE_STANDARD = gnu17;
				GCC_NO_COMMON_BLOCKS = YES;
				GCC_WARN_64_TO_32_BIT_CONVERSION = YES;
				GCC_WARN_ABOUT_RETURN_TYPE = YES_ERROR;
				GCC_WARN_UNDECLARED_SELECTOR = YES;
				GCC_WARN_UNINITIALIZED_AUTOS = YES_AGGRESSIVE;
				GCC_WARN_UNUSED_FUNCTION = YES;
				GCC_WARN_UNUSED_VARIABLE = YES;
				LOCALIZATION_PREFERS_STRING_CATALOGS = YES;
				MTL_ENABLE_DEBUG_INFO = NO;
				MTL_FAST_MATH = YES;
				STRING_CATALOG_GENERATE_SYMBOLS = YES;
				SWIFT_COMPILATION_MODE = wholemodule;
			};
			name = Release;
		};
		9F2142492CE9DAA3004167D7 /* Debug */ = {
			isa = XCBuildConfiguration;
			buildSettings = {
				ASSETCATALOG_COMPILER_APPICON_NAME = AppIcon;
				ASSETCATALOG_COMPILER_GLOBAL_ACCENT_COLOR_NAME = AccentColor;
				ASSETCATALOG_COMPILER_INCLUDE_ALL_APPICON_ASSETS = NO;
				CODE_SIGN_ENTITLEMENTS = App/KeepFresh.entitlements;
				"CODE_SIGN_IDENTITY[sdk=macosx*]" = "Apple Development";
				CODE_SIGN_STYLE = Automatic;
				CURRENT_PROJECT_VERSION = 1;
				DEAD_CODE_STRIPPING = YES;
				DEVELOPMENT_ASSET_PATHS = "\"App/Preview Content\"";
				ENABLE_HARDENED_RUNTIME = NO;
				ENABLE_PREVIEWS = YES;
				GENERATE_INFOPLIST_FILE = YES;
				INFOPLIST_FILE = "KeepFresh-Info.plist";
				INFOPLIST_KEY_CFBundleDisplayName = KeepFresh;
				INFOPLIST_KEY_LSApplicationCategoryType = "public.app-category.food-and-drink";
				INFOPLIST_KEY_NSCameraUsageDescription = "KeepFresh uses the camera to scan barcodes";
				"INFOPLIST_KEY_UIApplicationSceneManifest_Generation[sdk=iphoneos*]" = YES;
				"INFOPLIST_KEY_UIApplicationSceneManifest_Generation[sdk=iphonesimulator*]" = YES;
				"INFOPLIST_KEY_UIApplicationSupportsIndirectInputEvents[sdk=iphoneos*]" = YES;
				"INFOPLIST_KEY_UIApplicationSupportsIndirectInputEvents[sdk=iphonesimulator*]" = YES;
				"INFOPLIST_KEY_UILaunchScreen_Generation[sdk=iphoneos*]" = YES;
				"INFOPLIST_KEY_UILaunchScreen_Generation[sdk=iphonesimulator*]" = YES;
				INFOPLIST_KEY_UIStatusBarStyle = UIStatusBarStyleLightContent;
				"INFOPLIST_KEY_UIStatusBarStyle[sdk=iphoneos*]" = UIStatusBarStyleDefault;
				"INFOPLIST_KEY_UIStatusBarStyle[sdk=iphonesimulator*]" = UIStatusBarStyleDefault;
				INFOPLIST_KEY_UISupportedInterfaceOrientations = UIInterfaceOrientationPortrait;
				INFOPLIST_KEY_UISupportedInterfaceOrientations_iPad = "UIInterfaceOrientationLandscapeLeft UIInterfaceOrientationLandscapeRight UIInterfaceOrientationPortrait UIInterfaceOrientationPortraitUpsideDown";
				IPHONEOS_DEPLOYMENT_TARGET = 26.0;
				LD_RUNPATH_SEARCH_PATHS = "@executable_path/Frameworks";
				"LD_RUNPATH_SEARCH_PATHS[sdk=macosx*]" = "@executable_path/../Frameworks";
				MACOSX_DEPLOYMENT_TARGET = 26.0;
				MARKETING_VERSION = 1.2.0;
				PRODUCT_BUNDLE_IDENTIFIER = dev.danbarclay.keepfresh;
				PRODUCT_NAME = "$(TARGET_NAME)";
				SDKROOT = auto;
				SUPPORTED_PLATFORMS = "iphoneos iphonesimulator";
				SUPPORTS_MACCATALYST = NO;
				SWIFT_EMIT_LOC_STRINGS = YES;
				SWIFT_VERSION = 6.0;
				TARGETED_DEVICE_FAMILY = 1;
				XROS_DEPLOYMENT_TARGET = 2.1;
			};
			name = Debug;
		};
		9F21424A2CE9DAA3004167D7 /* Release */ = {
			isa = XCBuildConfiguration;
			buildSettings = {
				ASSETCATALOG_COMPILER_APPICON_NAME = AppIcon;
				ASSETCATALOG_COMPILER_GLOBAL_ACCENT_COLOR_NAME = AccentColor;
				ASSETCATALOG_COMPILER_INCLUDE_ALL_APPICON_ASSETS = NO;
				CODE_SIGN_ENTITLEMENTS = App/KeepFresh.entitlements;
				"CODE_SIGN_IDENTITY[sdk=macosx*]" = "Apple Development";
				CODE_SIGN_STYLE = Automatic;
				CURRENT_PROJECT_VERSION = 1;
				DEAD_CODE_STRIPPING = YES;
				DEVELOPMENT_ASSET_PATHS = "\"App/Preview Content\"";
				ENABLE_HARDENED_RUNTIME = NO;
				ENABLE_PREVIEWS = YES;
				GENERATE_INFOPLIST_FILE = YES;
				INFOPLIST_FILE = "KeepFresh-Info.plist";
				INFOPLIST_KEY_CFBundleDisplayName = KeepFresh;
				INFOPLIST_KEY_LSApplicationCategoryType = "public.app-category.food-and-drink";
				INFOPLIST_KEY_NSCameraUsageDescription = "KeepFresh uses the camera to scan barcodes";
				"INFOPLIST_KEY_UIApplicationSceneManifest_Generation[sdk=iphoneos*]" = YES;
				"INFOPLIST_KEY_UIApplicationSceneManifest_Generation[sdk=iphonesimulator*]" = YES;
				"INFOPLIST_KEY_UIApplicationSupportsIndirectInputEvents[sdk=iphoneos*]" = YES;
				"INFOPLIST_KEY_UIApplicationSupportsIndirectInputEvents[sdk=iphonesimulator*]" = YES;
				"INFOPLIST_KEY_UILaunchScreen_Generation[sdk=iphoneos*]" = YES;
				"INFOPLIST_KEY_UILaunchScreen_Generation[sdk=iphonesimulator*]" = YES;
				INFOPLIST_KEY_UIStatusBarStyle = UIStatusBarStyleLightContent;
				"INFOPLIST_KEY_UIStatusBarStyle[sdk=iphoneos*]" = UIStatusBarStyleDefault;
				"INFOPLIST_KEY_UIStatusBarStyle[sdk=iphonesimulator*]" = UIStatusBarStyleDefault;
				INFOPLIST_KEY_UISupportedInterfaceOrientations = UIInterfaceOrientationPortrait;
				INFOPLIST_KEY_UISupportedInterfaceOrientations_iPad = "UIInterfaceOrientationLandscapeLeft UIInterfaceOrientationLandscapeRight UIInterfaceOrientationPortrait UIInterfaceOrientationPortraitUpsideDown";
				IPHONEOS_DEPLOYMENT_TARGET = 26.0;
				LD_RUNPATH_SEARCH_PATHS = "@executable_path/Frameworks";
				"LD_RUNPATH_SEARCH_PATHS[sdk=macosx*]" = "@executable_path/../Frameworks";
				MACOSX_DEPLOYMENT_TARGET = 26.0;
				MARKETING_VERSION = 1.2.0;
				PRODUCT_BUNDLE_IDENTIFIER = dev.danbarclay.keepfresh;
				PRODUCT_NAME = "$(TARGET_NAME)";
				SDKROOT = auto;
				SUPPORTED_PLATFORMS = "iphoneos iphonesimulator";
				SUPPORTS_MACCATALYST = NO;
				SWIFT_EMIT_LOC_STRINGS = YES;
				SWIFT_VERSION = 6.0;
				TARGETED_DEVICE_FAMILY = 1;
				XROS_DEPLOYMENT_TARGET = 2.1;
			};
			name = Release;
		};
/* End XCBuildConfiguration section */

/* Begin XCConfigurationList section */
		9F21421E2CE9DAA1004167D7 /* Build configuration list for PBXProject "KeepFresh" */ = {
			isa = XCConfigurationList;
			buildConfigurations = (
				9F2142462CE9DAA3004167D7 /* Debug */,
				9F2142472CE9DAA3004167D7 /* Release */,
			);
			defaultConfigurationIsVisible = 0;
			defaultConfigurationName = Release;
		};
		9F2142482CE9DAA3004167D7 /* Build configuration list for PBXNativeTarget "KeepFresh" */ = {
			isa = XCConfigurationList;
			buildConfigurations = (
				9F2142492CE9DAA3004167D7 /* Debug */,
				9F21424A2CE9DAA3004167D7 /* Release */,
			);
			defaultConfigurationIsVisible = 0;
			defaultConfigurationName = Release;
		};
/* End XCConfigurationList section */

/* Begin XCLocalSwiftPackageReference section */
		4ED27E852E849FB800296595 /* XCLocalSwiftPackageReference "Packages/Environment" */ = {
			isa = XCLocalSwiftPackageReference;
			relativePath = Packages/Environment;
		};
		4EEEBA752E806A180049511B /* XCLocalSwiftPackageReference "Packages/Network" */ = {
			isa = XCLocalSwiftPackageReference;
			relativePath = Packages/Network;
		};
/* End XCLocalSwiftPackageReference section */

/* Begin XCSwiftPackageProductDependency section */
		4E747F772D16F7A000DDCE17 /* KitchenUI */ = {
			isa = XCSwiftPackageProductDependency;
			productName = KitchenUI;
		};
		4E747FB92D19F66900DDCE17 /* DesignSystem */ = {
			isa = XCSwiftPackageProductDependency;
			productName = DesignSystem;
		};
		4E8952CF2E987903003F3366 /* Authentication */ = {
			isa = XCSwiftPackageProductDependency;
			productName = Authentication;
		};
		4E8E8B5E2D162E7E009177AA /* TodayUI */ = {
			isa = XCSwiftPackageProductDependency;
			productName = TodayUI;
		};
		4E95179E2D7BAD5700FAFC86 /* BarcodeUI */ = {
			isa = XCSwiftPackageProductDependency;
			productName = BarcodeUI;
		};
		4EAF44BD2E8B3CFE000B5A6B /* Intelligence */ = {
			isa = XCSwiftPackageProductDependency;
			productName = Intelligence;
		};
		4EEEBA782E806DFC0049511B /* Models */ = {
			isa = XCSwiftPackageProductDependency;
			productName = Models;
		};
		4EEEBA7A2E806E010049511B /* Network */ = {
			isa = XCSwiftPackageProductDependency;
			productName = Network;
		};
		4EEEBA7C2E8076900049511B /* Router */ = {
			isa = XCSwiftPackageProductDependency;
			productName = Router;
		};
		4EF1853A2D14E70900961F35 /* SearchUI */ = {
			isa = XCSwiftPackageProductDependency;
			productName = SearchUI;
		};
		4EF223CE2E874ECA00A93567 /* Environment */ = {
			isa = XCSwiftPackageProductDependency;
			productName = Environment;
		};
		4EF223D12E883E4A00A93567 /* Extensions */ = {
			isa = XCSwiftPackageProductDependency;
			productName = Extensions;
		};
		4EF5AD0D2EBC0C1600F8E400 /* Notifications */ = {
			isa = XCSwiftPackageProductDependency;
			productName = Notifications;
		};
/* End XCSwiftPackageProductDependency section */
	};
	rootObject = 9F21421B2CE9DAA1004167D7 /* Project object */;
}
