{
  "originHash" : "79f17978b407379039308cd56f968658695085b1d6f87e2e85a4b8ba245e4fea",
  "pins" : [
    {
      "identity" : "codescanner",
      "kind" : "remoteSourceControl",
      "location" : "https://github.com/twostraws/CodeScanner.git",
      "state" : {
        "revision" : "5e886430238944c7200fc9e10dbf2d9550dba865",
        "version" : "2.5.2"
      }
    }
  ],
  "version" : 3
}
