{
  "originHash" : "885e216ef6ed3bdd304570835ea1bf8a41a50bfc654d85374364f737bc3a1f66",
  "pins" : [
    {
      "identity" : "codescanner",
      "kind" : "remoteSourceControl",
      "location" : "https://github.com/twostraws/CodeScanner.git",
      "state" : {
        "revision" : "34da57fb63b47add20de8a85da58191523ccce57",
        "version" : "2.5.0"
      }
    }
  ],
  "version" : 3
}
